PODS:
  - DJI-SDK-iOS (4.8.2)
  - DJIWidget (1.2)

DEPENDENCIES:
  - DJI-SDK-iOS (~> 4.8.2)
  - DJIWidget (~> 1.2)

SPEC REPOS:
  https://github.com/cocoapods/specs.git:
    - DJI-SDK-iOS
    - DJIWidget

SPEC CHECKSUMS:
  DJI-SDK-iOS: 1d29d7baa1cdeb19ea490bad47cf8419ce4f1055
  DJIWidget: 4559d2f4ccaa499a7bd2cdc98658f35d78d20357

PODFILE CHECKSUM: e86107d3009ffccd17965c7ff5ad53346bf5f6e3

COCOAPODS: 1.5.3
